Microsoft Visual Studio Solution File, Format Version 12.00
# Visual Studio Version 17
VisualStudioVersion = 17.5.2.0
MinimumVisualStudioVersion = 10.0.40219.1
Project("{FAE04EC0-301F-11D3-BF4B-00C04F79EFBC}") = "TaskifyProject", "TaskifyProject\TaskifyProject.csproj", "{BDE32206-FCED-661D-31A9-D5FCD65BD575}"
EndProject
Global
	GlobalSection(SolutionConfigurationPlatforms) = preSolution
		Debug|Any CPU = Debug|Any CPU
		Release|Any CPU = Release|Any CPU
	EndGlobalSection
	GlobalSection(ProjectConfigurationPlatforms) = postSolution
		{BDE32206-FCED-661D-31A9-D5FCD65BD575}.Debug|Any CPU.ActiveCfg = Debug|Any CPU
		{BDE32206-FCED-661D-31A9-D5FCD65BD575}.Debug|Any CPU.Build.0 = Debug|Any CPU
		{BDE32206-FCED-661D-31A9-D5FCD65BD575}.Release|Any CPU.ActiveCfg = Release|Any CPU
		{BDE32206-FCED-661D-31A9-D5FCD65BD575}.Release|Any CPU.Build.0 = Release|Any CPU
	EndGlobalSection
	GlobalSection(SolutionProperties) = preSolution
		HideSolutionNode = FALSE
	EndGlobalSection
	GlobalSection(ExtensibilityGlobals) = postSolution
		SolutionGuid = {8ED2C5C0-E4FC-4C17-900D-9AA85F5A0BD3}
	EndGlobalSection
EndGlobal
